PODS:
  - RxBlocking (3.4.1):
    - RxSwift (~> 3.4)
  - RxCocoa (3.4.1):
    - RxSwift (~> 3.4)
  - RxSwift (3.4.1)
  - RxTest (3.4.1):
    - RxSwift (~> 3.4)
  - SwiftBaseViews/Main (1.2.0):
    - SwiftUIUtilities/Main
  - SwiftUIUtilities/Main (1.5.9):
    - SwiftUtilities/Main
  - SwiftUtilities/Main (1.4.1):
    - RxCocoa (~> 3.0)
    - RxSwift (~> 3.0)
  - SwiftUtilitiesTests/Main (1.4.1):
    - RxBlocking (~> 3.0)
    - RxCocoa (~> 3.0)
    - RxSwift (~> 3.0)
    - RxTest (~> 3.0)

DEPENDENCIES:
  - SwiftBaseViews/Main
  - SwiftUtilitiesTests/Main

SPEC CHECKSUMS:
  RxBlocking: 1e8c41cfe7ca2fc0e19d0e616c553845c63cbbd3
  RxCocoa: a8a5f1d061d0043e28f56976829f31ce63e8eb09
  RxSwift: 656f8fbeca5bc372121a72d9ebdd3cd3bc0ffade
  RxTest: a6fd6e4069face7c6488f96f6c42296b3e44db48
  SwiftBaseViews: a94583fa7e68842b6ddc293c9c65417c47fc27ca
  SwiftUIUtilities: 1ca8fdaaea12d2ac009c3d62e0ea4bdb341038a1
  SwiftUtilities: cd584df447ceebb87c99eed28802af59a65a99ed
  SwiftUtilitiesTests: 031c7875ce99a6dfb1335ef4f2ea81991cfa1663

PODFILE CHECKSUM: 36ad9f6bc3c894012b49f6ac83ee3e5f8a5b64e9

COCOAPODS: 1.2.1
